// !$*UTF8*$!
{
	archiveVersion = 1;
	classes = {
	};
	objectVersion = 50;
	objects = {

/* Begin PBXBuildFile section */
		598D091325DB698A0091DD88 /* AppDelegate.m in Sources */ = {isa = PBXBuildFile; fileRef = 598D091225DB698A0091DD88 /* AppDelegate.m */; };
		598D091625DB698A0091DD88 /* SceneDelegate.m in Sources */ = {isa = PBXBuildFile; fileRef = 598D091525DB698A0091DD88 /* SceneDelegate.m */; };
		598D091925DB698A0091DD88 /* ViewController.m in Sources */ = {isa = PBXBuildFile; fileRef = 598D091825DB698A0091DD88 /* ViewController.m */; };
		598D091C25DB698A0091DD88 /* Main.storyboard in Resources */ = {isa = PBXBuildFile; fileRef = 598D091A25DB698A0091DD88 /* Main.storyboard */; };
		598D091E25DB698C0091DD88 /* Assets.xcassets in Resources */ = {isa = PBXBuildFile; fileRef = 598D091D25DB698C0091DD88 /* Assets.xcassets */; };
		598D092125DB698C0091DD88 /* LaunchScreen.storyboard in Resources */ = {isa = PBXBuildFile; fileRef = 598D091F25DB698C0091DD88 /* LaunchScreen.storyboard */; };
		598D092425DB698C0091DD88 /* main.m in Sources */ = {isa = PBXBuildFile; fileRef = 598D092325DB698C0091DD88 /* main.m */; };
/* End PBXBuildFile section */

/* Begin PBXFileReference section */
		598D090E25DB698A0091DD88 /* proj1-hello.app */ = {isa = PBXFileReference; explicitFileType = wrapper.application; includeInIndex = 0; path = "proj1-hello.app"; sourceTree = BUILT_PRODUCTS_DIR; };
		598D091125DB698A0091DD88 /* AppDelegate.h */ = {isa = PBXFileReference; lastKnownFileType = sourcecode.c.h; path = AppDelegate.h; sourceTree = "<group>"; };
		598D091225DB698A0091DD88 /* AppDelegate.m */ = {isa = PBXFileReference; lastKnownFileType = sourcecode.c.objc; path = AppDelegate.m; sourceTree = "<group>"; };
		598D091425DB698A0091DD88 /* SceneDelegate.h */ = {isa = PBXFileReference; lastKnownFileType = sourcecode.c.h; path = SceneDelegate.h; sourceTree = "<group>"; };
		598D091525DB698A0091DD88 /* SceneDelegate.m */ = {isa = PBXFileReference; lastKnownFileType = sourcecode.c.objc; path = SceneDelegate.m; sourceTree = "<group>"; };
		598D091725DB698A0091DD88 /* ViewController.h */ = {isa = PBXFileReference; lastKnownFileType = sourcecode.c.h; path = ViewController.h; sourceTree = "<group>"; };
		598D091825DB698A0091DD88 /* ViewController.m */ = {isa = PBXFileReference; lastKnownFileType = sourcecode.c.objc; path = ViewController.m; sourceTree = "<group>"; };
		598D091B25DB698A0091DD88 /* Base */ = {isa = PBXFileReference; lastKnownFileType = file.storyboard; name = Base; path = Base.lproj/Main.storyboard; sourceTree = "<group>"; };
		598D091D25DB698C0091DD88 /* Assets.xcassets */ = {isa = PBXFileReference; lastKnownFileType = folder.assetcatalog; path = Assets.xcassets; sourceTree = "<group>"; };
		598D092025DB698C0091DD88 /* Base */ = {isa = PBXFileReference; lastKnownFileType = file.storyboard; name = Base; path = Base.lproj/LaunchScreen.storyboard; sourceTree = "<group>"; };
		598D092225DB698C0091DD88 /* Info.plist */ = {isa = PBXFileReference; lastKnownFileType = text.plist.xml; path = Info.plist; sourceTree = "<group>"; };
		598D092325DB698C0091DD88 /* main.m */ = {isa = PBXFileReference; lastKnownFileType = sourcecode.c.objc; path = main.m; sourceTree = "<group>"; };
/* End PBXFileReference section */

/* Begin PBXFrameworksBuildPhase section */
		598D090B25DB698A0091DD88 /* Frameworks */ = {
			isa = PBXFrameworksBuildPhase;
			buildActionMask = 2147483647;
			files = (
			);
			runOnlyForDeploymentPostprocessing = 0;
		};
/* End PBXFrameworksBuildPhase section */

/* Begin PBXGroup section */
		598D090525DB698A0091DD88 = {
			isa = PBXGroup;
			children = (
				598D091025DB698A0091DD88 /* proj1-hello */,
				598D090F25DB698A0091DD88 /* Products */,
			);
			sourceTree = "<group>";
		};
		598D090F25DB698A0091DD88 /* Products */ = {
			isa = PBXGroup;
			children = (
				598D090E25DB698A0091DD88 /* proj1-hello.app */,
			);
			name = Products;
			sourceTree = "<group>";
		};
		598D091025DB698A0091DD88 /* proj1-hello */ = {
			isa = PBXGroup;
			children = (
				598D091125DB698A0091DD88 /* AppDelegate.h */,
				598D091225DB698A0091DD88 /* AppDelegate.m */,
				598D091425DB698A0091DD88 /* SceneDelegate.h */,
				598D091525DB698A0091DD88 /* SceneDelegate.m */,
				598D091725DB698A0091DD88 /* ViewController.h */,
				598D091825DB698A0091DD88 /* ViewController.m */,
				598D091A25DB698A0091DD88 /* Main.storyboard */,
				598D091D25DB698C0091DD88 /* Assets.xcassets */,
				598D091F25DB698C0091DD88 /* LaunchScreen.storyboard */,
				598D092225DB698C0091DD88 /* Info.plist */,
				598D092325DB698C0091DD88 /* main.m */,
			);
			path = "proj1-hello";
			sourceTree = "<group>";
		};
/* End PBXGroup section */

/* Begin PBXNativeTarget section */
		598D090D25DB698A0091DD88 /* proj1-hello */ = {
			isa = PBXNativeTarget;
			buildConfigurationList = 598D092725DB698C0091DD88 /* Build configuration list for PBXNativeTarget "proj1-hello" */;
			buildPhases = (
				598D090A25DB698A0091DD88 /* Sources */,
				598D090B25DB698A0091DD88 /* Frameworks */,
				598D090C25DB698A0091DD88 /* Resources */,
			);
			buildRules = (
			);
			dependencies = (
			);
			name = "proj1-hello";
			productName = "proj1-hello";
			productReference = 598D090E25DB698A0091DD88 /* proj1-hello.app */;
			productType = "com.apple.product-type.application";
		};
/* End PBXNativeTarget section */

/* Begin PBXProject section */
		598D090625DB698A0091DD88 /* Project object */ = {
			isa = PBXProject;
			attributes = {
				LastUpgradeCheck = 1130;
				ORGANIZATIONNAME = "Binghamton University";
				TargetAttributes = {
					598D090D25DB698A0091DD88 = {
						CreatedOnToolsVersion = 11.3.1;
					};
				};
			};
			buildConfigurationList = 598D090925DB698A0091DD88 /* Build configuration list for PBXProject "proj1-hello" */;
			compatibilityVersion = "Xcode 9.3";
			developmentRegion = en;
			hasScannedForEncodings = 0;
			knownRegions = (
				en,
				Base,
			);
			mainGroup = 598D090525DB698A0091DD88;
			productRefGroup = 598D090F25DB698A0091DD88 /* Products */;
			projectDirPath = "";
			projectRoot = "";
			targets = (
				598D090D25DB698A0091DD88 /* proj1-hello */,
			);
		};
/* End PBXProject section */

/* Begin PBXResourcesBuildPhase section */
		598D090C25DB698A0091DD88 /* Resources */ = {
			isa = PBXResourcesBuildPhase;
			buildActionMask = 2147483647;
			files = (
				598D092125DB698C0091DD88 /* LaunchScreen.storyboard in Resources */,
				598D091E25DB698C0091DD88 /* Assets.xcassets in Resources */,
				598D091C25DB698A0091DD88 /* Main.storyboard in Resources */,
			);
			runOnlyForDeploymentPostprocessing = 0;
		};
/* End PBXResourcesBuildPhase section */

/* Begin PBXSourcesBuildPhase section */
		598D090A25DB698A0091DD88 /* Sources */ = {
			isa = PBXSourcesBuildPhase;
			buildActionMask = 2147483647;
			files = (
				598D091925DB698A0091DD88 /* ViewController.m in Sources */,
				598D091325DB698A0091DD88 /* AppDelegate.m in Sources */,
				598D092425DB698C0091DD88 /* main.m in Sources */,
				598D091625DB698A0091DD88 /* SceneDelegate.m in Sources */,
			);
			runOnlyForDeploymentPostprocessing = 0;
		};
/* End PBXSourcesBuildPhase section */

/* Begin PBXVariantGroup section */
		598D091A25DB698A0091DD88 /* Main.storyboard */ = {
			isa = PBXVariantGroup;
			children = (
				598D091B25DB698A0091DD88 /* Base */,
			);
			name = Main.storyboard;
			sourceTree = "<group>";
		};
		598D091F25DB698C0091DD88 /* LaunchScreen.storyboard */ = {
			isa = PBXVariantGroup;
			children = (
				598D092025DB698C0091DD88 /* Base */,
			);
			name = LaunchScreen.storyboard;
			sourceTree = "<group>";
		};
/* End PBXVariantGroup section */

/* Begin XCBuildConfiguration section */
		598D092525DB698C0091DD88 /* Debug */ = {
			isa = XCBuildConfiguration;
			buildSettings = {
				ALWAYS_SEARCH_USER_PATHS = NO;
				CLANG_ANALYZER_NONNULL = YES;
				CLANG_ANALYZER_NUMBER_OBJECT_CONVERSION = YES_AGGRESSIVE;
				CLANG_CXX_LANGUAGE_STANDARD = "gnu++14";
				CLANG_CXX_LIBRARY = "libc++";
				CLANG_ENABLE_MODULES = YES;
				CLANG_ENABLE_OBJC_ARC = YES;
				CLANG_ENABLE_OBJC_WEAK = YES;
				CLANG_WARN_BLOCK_CAPTURE_AUTORELEASING = YES;
				CLANG_WARN_BOOL_CONVERSION = YES;
				CLANG_WARN_COMMA = YES;
				CLANG_WARN_CONSTANT_CONVERSION = YES;
				CLANG_WARN_DEPRECATED_OBJC_IMPLEMENTATIONS = YES;
				CLANG_WARN_DIRECT_OBJC_ISA_USAGE = YES_ERROR;
				CLANG_WARN_DOCUMENTATION_COMMENTS = YES;
				CLANG_WARN_EMPTY_BODY = YES;
				CLANG_WARN_ENUM_CONVERSION = YES;
				CLANG_WARN_INFINITE_RECURSION = YES;
				CLANG_WARN_INT_CONVERSION = YES;
				CLANG_WARN_NON_LITERAL_NULL_CONVERSION = YES;
				CLANG_WARN_OBJC_IMPLICIT_RETAIN_SELF = YES;
				CLANG_WARN_OBJC_LITERAL_CONVERSION = YES;
				CLANG_WARN_OBJC_ROOT_CLASS = YES_ERROR;
				CLANG_WARN_RANGE_LOOP_ANALYSIS = YES;
				CLANG_WARN_STRICT_PROTOTYPES = YES;
				CLANG_WARN_SUSPICIOUS_MOVE = YES;
				CLANG_WARN_UNGUARDED_AVAILABILITY = YES_AGGRESSIVE;
				CLANG_WARN_UNREACHABLE_CODE = YES;
				CLANG_WARN__DUPLICATE_METHOD_MATCH = YES;
				COPY_PHASE_STRIP = NO;
				DEBUG_INFORMATION_FORMAT = dwarf;
				ENABLE_STRICT_OBJC_MSGSEND = YES;
				ENABLE_TESTABILITY = YES;
				GCC_C_LANGUAGE_STANDARD = gnu11;
				GCC_DYNAMIC_NO_PIC = NO;
				GCC_NO_COMMON_BLOCKS = YES;
				GCC_OPTIMIZATION_LEVEL = 0;
				GCC_PREPROCESSOR_DEFINITIONS = (
					"DEBUG=1",
					"$(inherited)",
				);
				GCC_WARN_64_TO_32_BIT_CONVERSION = YES;
				GCC_WARN_ABOUT_RETURN_TYPE = YES_ERROR;
				GCC_WARN_UNDECLARED_SELECTOR = YES;
				GCC_WARN_UNINITIALIZED_AUTOS = YES_AGGRESSIVE;
				GCC_WARN_UNUSED_FUNCTION = YES;
				GCC_WARN_UNUSED_VARIABLE = YES;
				IPHONEOS_DEPLOYMENT_TARGET = 13.2;
				MTL_ENABLE_DEBUG_INFO = INCLUDE_SOURCE;
				MTL_FAST_MATH = YES;
				ONLY_ACTIVE_ARCH = YES;
				SDKROOT = iphoneos;
			};
			name = Debug;
		};
		598D092625DB698C0091DD88 /* Release */ = {
			isa = XCBuildConfiguration;
			buildSettings = {
				ALWAYS_SEARCH_USER_PATHS = NO;
				CLANG_ANALYZER_NONNULL = YES;
				CLANG_ANALYZER_NUMBER_OBJECT_CONVERSION = YES_AGGRESSIVE;
				CLANG_CXX_LANGUAGE_STANDARD = "gnu++14";
				CLANG_CXX_LIBRARY = "libc++";
				CLANG_ENABLE_MODULES = YES;
				CLANG_ENABLE_OBJC_ARC = YES;
				CLANG_ENABLE_OBJC_WEAK = YES;
				CLANG_WARN_BLOCK_CAPTURE_AUTORELEASING = YES;
				CLANG_WARN_BOOL_CONVERSION = YES;
				CLANG_WARN_COMMA = YES;
				CLANG_WARN_CONSTANT_CONVERSION = YES;
				CLANG_WARN_DEPRECATED_OBJC_IMPLEMENTATIONS = YES;
				CLANG_WARN_DIRECT_OBJC_ISA_USAGE = YES_ERROR;
				CLANG_WARN_DOCUMENTATION_COMMENTS = YES;
				CLANG_WARN_EMPTY_BODY = YES;
				CLANG_WARN_ENUM_CONVERSION = YES;
				CLANG_WARN_INFINITE_RECURSION = YES;
				CLANG_WARN_INT_CONVERSION = YES;
				CLANG_WARN_NON_LITERAL_NULL_CONVERSION = YES;
				CLANG_WARN_OBJC_IMPLICIT_RETAIN_SELF = YES;
				CLANG_WARN_OBJC_LITERAL_CONVERSION = YES;
				CLANG_WARN_OBJC_ROOT_CLASS = YES_ERROR;
				CLANG_WARN_RANGE_LOOP_ANALYSIS = YES;
				CLANG_WARN_STRICT_PROTOTYPES = YES;
				CLANG_WARN_SUSPICIOUS_MOVE = YES;
				CLANG_WARN_UNGUARDED_AVAILABILITY = YES_AGGRESSIVE;
				CLANG_WARN_UNREACHABLE_CODE = YES;
				CLANG_WARN__DUPLICATE_METHOD_MATCH = YES;
				COPY_PHASE_STRIP = NO;
				DEBUG_INFORMATION_FORMAT = "dwarf-with-dsym";
				ENABLE_NS_ASSERTIONS = NO;
				ENABLE_STRICT_OBJC_MSGSEND = YES;
				GCC_C_LANGUAGE_STANDARD = gnu11;
				GCC_NO_COMMON_BLOCKS = YES;
				GCC_WARN_64_TO_32_BIT_CONVERSION = YES;
				GCC_WARN_ABOUT_RETURN_TYPE = YES_ERROR;
				GCC_WARN_UNDECLARED_SELECTOR = YES;
				GCC_WARN_UNINITIALIZED_AUTOS = YES_AGGRESSIVE;
				GCC_WARN_UNUSED_FUNCTION = YES;
				GCC_WARN_UNUSED_VARIABLE = YES;
				IPHONEOS_DEPLOYMENT_TARGET = 13.2;
				MTL_ENABLE_DEBUG_INFO = NO;
				MTL_FAST_MATH = YES;
				SDKROOT = iphoneos;
				VALIDATE_PRODUCT = YES;
			};
			name = Release;
		};
		598D092825DB698C0091DD88 /* Debug */ = {
			isa = XCBuildConfiguration;
			buildSettings = {
				ASSETCATALOG_COMPILER_APPICON_NAME = AppIcon;
				CODE_SIGN_STYLE = Automatic;
				INFOPLIST_FILE = "proj1-hello/Info.plist";
				LD_RUNPATH_SEARCH_PATHS = (
					"$(inherited)",
					"@executable_path/Frameworks",
				);
				PRODUCT_BUNDLE_IDENTIFIER = "edu.binghamton.proj1-hello";
				PRODUCT_NAME = "$(TARGET_NAME)";
				TARGETED_DEVICE_FAMILY = "1,2";
			};
			name = Debug;
		};
		598D092925DB698C0091DD88 /* Release */ = {
			isa = XCBuildConfiguration;
			buildSettings = {
				ASSETCATALOG_COMPILER_APPICON_NAME = AppIcon;
				CODE_SIGN_STYLE = Automatic;
				INFOPLIST_FILE = "proj1-hello/Info.plist";
				LD_RUNPATH_SEARCH_PATHS = (
					"$(inherited)",
					"@executable_path/Frameworks",
				);
				PRODUCT_BUNDLE_IDENTIFIER = "edu.binghamton.proj1-hello";
				PRODUCT_NAME = "$(TARGET_NAME)";
				TARGETED_DEVICE_FAMILY = "1,2";
			};
			name = Release;
		};
/* End XCBuildConfiguration section */

/* Begin XCConfigurationList section */
		598D090925DB698A0091DD88 /* Build configuration list for PBXProject "proj1-hello" */ = {
			isa = XCConfigurationList;
			buildConfigurations = (
				598D092525DB698C0091DD88 /* Debug */,
				598D092625DB698C0091DD88 /* Release */,
			);
			defaultConfigurationIsVisible = 0;
			defaultConfigurationName = Release;
		};
		598D092725DB698C0091DD88 /* Build configuration list for PBXNativeTarget "proj1-hello" */ = {
			isa = XCConfigurationList;
			buildConfigurations = (
				598D092825DB698C0091DD88 /* Debug */,
				598D092925DB698C0091DD88 /* Release */,
			);
			defaultConfigurationIsVisible = 0;
			defaultConfigurationName = Release;
		};
/* End XCConfigurationList section */
	};
	rootObject = 598D090625DB698A0091DD88 /* Project object */;
}
